// !$*UTF8*$!
{
	archiveVersion = 1;
	classes = {
	};
	objectVersion = 77;
	objects = {

/* Begin PBXBuildFile section */
		05B396E66464C298777F3A51 /* ContainerizationOS in Frameworks */ = {isa = PBXBuildFile; productRef = EF7F28482C21CAD5DD612873 /* ContainerizationOS */; };
		09827E0EC05BF4BA13CA3F8B /* ImageManagementModels.swift in Sources */ = {isa = PBXBuildFile; fileRef = 6D478C585C1B6DC5D8A72C50 /* ImageManagementModels.swift */; };
		0CCB9B1572811399DAE295EE /* ContainerToolsView.swift in Sources */ = {isa = PBXBuildFile; fileRef = DFC0AB3F17054924DA710733 /* ContainerToolsView.swift */; };
		133138E6CF020F1C1ED96378 /* MachineAPIClient in Frameworks */ = {isa = PBXBuildFile; productRef = F846A45DDAF8A293AAFE7EB5 /* MachineAPIClient */; };
		19C93B52E2ED9D3F10EC8F72 /* RegistryModels.swift in Sources */ = {isa = PBXBuildFile; fileRef = 60911C46B5774AEC27DB6B96 /* RegistryModels.swift */; };
		19E20564B7D56C32F75FE527 /* RestoreImageDownloadServiceTests.swift in Sources */ = {isa = PBXBuildFile; fileRef = A6C0B3804B6A81EC6343C2BD /* RestoreImageDownloadServiceTests.swift */; };
		1BBD6A591ECFFBA28911EA50 /* ContainerAPIClient in Frameworks */ = {isa = PBXBuildFile; productRef = FEDBA359A3DD0CDF024FA4CD /* ContainerAPIClient */; };
		1BF0DD0A425B04128E9B1440 /* RegistrySettingsView.swift in Sources */ = {isa = PBXBuildFile; fileRef = 4FEF8ABF9E1EC1708B2D30C2 /* RegistrySettingsView.swift */; };
		21F1991F0C1032C29962E257 /* ImageTransferModels.swift in Sources */ = {isa = PBXBuildFile; fileRef = 0170AA8D0525AD135E6D45B6 /* ImageTransferModels.swift */; };
		236A6E649357810DB1C263BE /* VirtualMachinesView.swift in Sources */ = {isa = PBXBuildFile; fileRef = 16DF3F25F33C4AA6D2E4A4A2 /* VirtualMachinesView.swift */; };
		2607934497FE5507A6C92B7E /* RuntimeMutationCoordinator.swift in Sources */ = {isa = PBXBuildFile; fileRef = 34E2FB5D1DA19E2805498B0A /* RuntimeMutationCoordinator.swift */; };
		267B8B7DEB728875D45C11CC /* Localizable.xcstrings in Resources */ = {isa = PBXBuildFile; fileRef = 50A6FE055FE52A768F0F9C9A /* Localizable.xcstrings */; };
		28033CCAC546F43031537AAF /* VirtualMachineLibraryTests.swift in Sources */ = {isa = PBXBuildFile; fileRef = 8C1F9CEF3FD52963FD22CEEF /* VirtualMachineLibraryTests.swift */; };
		2CEB095A2F3E92AB8DD58DF8 /* RegistryManaging.swift in Sources */ = {isa = PBXBuildFile; fileRef = F837DF4795B3D693B4C0C538 /* RegistryManaging.swift */; };
		3520842AEB27B251F26E94E5 /* OverviewView.swift in Sources */ = {isa = PBXBuildFile; fileRef = 9A434CEEAF32D9C8EBB3CE7F /* OverviewView.swift */; };
		37D4EF5F6055D1A226C3BA44 /* RegistrySettingsModelTests.swift in Sources */ = {isa = PBXBuildFile; fileRef = 4492BEE0F1604A5624234904 /* RegistrySettingsModelTests.swift */; };
		3DCB281F5AF84FBC4DDE6AD2 /* ImageInspectorModel.swift in Sources */ = {isa = PBXBuildFile; fileRef = 64B4103235E6EB5FD4197F96 /* ImageInspectorModel.swift */; };
		455E49DED3838B07FB756991 /* ImagesView.swift in Sources */ = {isa = PBXBuildFile; fileRef = EDA90501AD818258C2C4324C /* ImagesView.swift */; };
		462AE2C76CA12DEDE32C9AF0 /* Virtualization.framework in Frameworks */ = {isa = PBXBuildFile; fileRef = D4337E1F793A693C6D5225FD /* Virtualization.framework */; };
		472AD22A235AF25FAD33B256 /* TerminalProgress in Frameworks */ = {isa = PBXBuildFile; productRef = 8F4F48F51AEFA714D796B104 /* TerminalProgress */; };
		4C866FE48A250D91907E0D23 /* RestoreImageDownloadModels.swift in Sources */ = {isa = PBXBuildFile; fileRef = 392CAC7B7617C3194AB4EC1E /* RestoreImageDownloadModels.swift */; };
		4DBEA60A3A33B0528C68106A /* VirtualMachineModels.swift in Sources */ = {isa = PBXBuildFile; fileRef = C6494E2249097A4BB56E1115 /* VirtualMachineModels.swift */; };
		4F656DDFC3706DF8D8B4E3C0 /* ContainerCreationView.swift in Sources */ = {isa = PBXBuildFile; fileRef = 280A42C7C276FAA6BAF42AA0 /* ContainerCreationView.swift */; };
		4FA86E4DFEA1057AB15C8955 /* ContainerPersistence in Frameworks */ = {isa = PBXBuildFile; productRef = F4D556CC3FAA227FB9391CEA /* ContainerPersistence */; };
		515EDFD55BB4EFF79D4B9003 /* PreviewSupport.swift in Sources */ = {isa = PBXBuildFile; fileRef = 467A7DAF55C068899D8C9B81 /* PreviewSupport.swift */; };
		544A5C0316B516173A705366 /* SidebarView.swift in Sources */ = {isa = PBXBuildFile; fileRef = 6D1302799610B115E7F71236 /* SidebarView.swift */; };
		55143B3A37AFE0BD7CB78CD1 /* ContainerCreationModels.swift in Sources */ = {isa = PBXBuildFile; fileRef = 93EFBB6FB16910BCF71ACF44 /* ContainerCreationModels.swift */; };
		5BF5FFC00ABD566B235306A7 /* VirtualMachineConsoleView.swift in Sources */ = {isa = PBXBuildFile; fileRef = FF7D72F56C28FAC26CFCC861 /* VirtualMachineConsoleView.swift */; };
		5EF45D5EC2FC881A0CADCA99 /* ContainerModels.swift in Sources */ = {isa = PBXBuildFile; fileRef = 3B6C635AC318F3EB740EBE02 /* ContainerModels.swift */; };
		62BCFBEE6E078D471BA3AE65 /* VirtualMachineLibrary.swift in Sources */ = {isa = PBXBuildFile; fileRef = 8425A4E68B15EEC200CBDA07 /* VirtualMachineLibrary.swift */; };
		666353AB8186EF6776208579 /* ImageManagementModelTests.swift in Sources */ = {isa = PBXBuildFile; fileRef = 6E70AE831593D108EB47B2A9 /* ImageManagementModelTests.swift */; };
		6D997CBC0773804955C7F048 /* NativeContainersApp.swift in Sources */ = {isa = PBXBuildFile; fileRef = F023DF90411E232804D84D7E /* NativeContainersApp.swift */; };
		6DF203F008ABAD5C4AB7903C /* AppModel.swift in Sources */ = {isa = PBXBuildFile; fileRef = 95490ED77FEE23FBBF921592 /* AppModel.swift */; };
		6EFDAA07140EDCC9B4FB8615 /* LinuxMachinesView.swift in Sources */ = {isa = PBXBuildFile; fileRef = 25B22569E6E84558346EB362 /* LinuxMachinesView.swift */; };
		72D23C0E9992E41005DDACDC /* RootView.swift in Sources */ = {isa = PBXBuildFile; fileRef = 2F24FF99A077D017F8ABA497 /* RootView.swift */; };
		73762F62AD06A7F38EA6E1E3 /* ContainerToolsModel.swift in Sources */ = {isa = PBXBuildFile; fileRef = 8AEBD1F64838AA435C30CD0A /* ContainerToolsModel.swift */; };
		74EEB140E764E33F30C47C7A /* SwiftTerm in Frameworks */ = {isa = PBXBuildFile; productRef = 30533D4161AA07850961547D /* SwiftTerm */; };
		78D8757B9A4FE8F19E8883AF /* MacPlatformArtifactPreparer.swift in Sources */ = {isa = PBXBuildFile; fileRef = 742BD26E898320625825152A /* MacPlatformArtifactPreparer.swift */; };
		8753FE26B39E232AECFF3010 /* MacRestoreImageService.swift in Sources */ = {isa = PBXBuildFile; fileRef = C559BC791E8C3A91155CE7D2 /* MacRestoreImageService.swift */; };
		89BC7AFF7D77A8BEBC3C1009 /* ImageOperationViews.swift in Sources */ = {isa = PBXBuildFile; fileRef = 71589C683229F274E73F2C7A /* ImageOperationViews.swift */; };
		8BE07DC732E4109E57129AB3 /* ContainerTerminalView.swift in Sources */ = {isa = PBXBuildFile; fileRef = E7B890A12311E33B73B8EB33 /* ContainerTerminalView.swift */; };
		913DA2E6216BA0CB90140534 /* AppleRegistryService.swift in Sources */ = {isa = PBXBuildFile; fileRef = A7321DD3CF2A41679EBA6EFC /* AppleRegistryService.swift */; };
		94B08885FDF42DAAC4480C2B /* ContainerizationExtras in Frameworks */ = {isa = PBXBuildFile; productRef = A9DC0AD6B07203E2A93CF6B2 /* ContainerizationExtras */; };
		9797C01E4560B0E89E706FBF /* AppleContainerService.swift in Sources */ = {isa = PBXBuildFile; fileRef = 9C7E5028209B0DFC80B8A2C8 /* AppleContainerService.swift */; };
		97A0664149C8957C65DD1674 /* ContainerToolModels.swift in Sources */ = {isa = PBXBuildFile; fileRef = E0A17DF6DFEB39965C7E7C58 /* ContainerToolModels.swift */; };
		9B0B0A2D8D7E816F5DB11F1E /* ContainerManaging.swift in Sources */ = {isa = PBXBuildFile; fileRef = 18FEBB337510AA54210882BB /* ContainerManaging.swift */; };
		9D0A93C7B104FECF0AC7E446 /* SettingsView.swift in Sources */ = {isa = PBXBuildFile; fileRef = 092D4DA1EB30193AC095265A /* SettingsView.swift */; };
		A0AE31A3A8A12AAEE077BBC1 /* ContainersView.swift in Sources */ = {isa = PBXBuildFile; fileRef = 594129E25C393F840817F89F /* ContainersView.swift */; };
		A0DD72D3DC5A2BDF51E4E131 /* ContainerResource in Frameworks */ = {isa = PBXBuildFile; productRef = 8056B0FD3F6799321F7D7A25 /* ContainerResource */; };
		A4E6BF7664A641DAF186CD34 /* SystemPackage in Frameworks */ = {isa = PBXBuildFile; productRef = E31E37C1FC7D132EE584B7DA /* SystemPackage */; };
		A84C9E71E18B6F05297928CC /* MacRestoreImagePreparationModelTests.swift in Sources */ = {isa = PBXBuildFile; fileRef = E0BB5F9D6F70F66374A5AE0C /* MacRestoreImagePreparationModelTests.swift */; };
		ABEE87307ABFB2C102B3C269 /* MacRestoreImagePreparationModel.swift in Sources */ = {isa = PBXBuildFile; fileRef = 774B63F952CE86F525B7A805 /* MacRestoreImagePreparationModel.swift */; };
		AD177B51B351BFC74B0C8D1F /* AppleContainerTerminalSession.swift in Sources */ = {isa = PBXBuildFile; fileRef = B8365227EB3D0376AFFDCEE5 /* AppleContainerTerminalSession.swift */; };
		AEF8A0C79D65EBF3BC79F55A /* ImageInspectorView.swift in Sources */ = {isa = PBXBuildFile; fileRef = C5ADBA6BF87C4299D5646A4D /* ImageInspectorView.swift */; };
		B10B22FAA12D249A147360B3 /* VolumesView.swift in Sources */ = {isa = PBXBuildFile; fileRef = FEED10D5DDE4C2769E97A932 /* VolumesView.swift */; };
		B1148E3495B9B990BDE15006 /* AppModelTests.swift in Sources */ = {isa = PBXBuildFile; fileRef = 64FCAE44305E93880025D275 /* AppModelTests.swift */; };
		B34A1EACA5BFB2F30DC1E553 /* RegistrySettingsModel.swift in Sources */ = {isa = PBXBuildFile; fileRef = 980FE41E5B707DB91F83BF66 /* RegistrySettingsModel.swift */; };
		BC4ED80883CAB8BB12C639AE /* AppleContainerConfiguration.swift in Sources */ = {isa = PBXBuildFile; fileRef = A1F81AEBBC3FF7CB57C90A14 /* AppleContainerConfiguration.swift */; };
		BEF88012C7F13A21B4B2C57E /* RestoreImageDownloadService.swift in Sources */ = {isa = PBXBuildFile; fileRef = AF2DE73C2235A83091C7DFBC /* RestoreImageDownloadService.swift */; };
		C2C2661B8E02F3B836209B2A /* VirtualMachineModelsTests.swift in Sources */ = {isa = PBXBuildFile; fileRef = 75005055A132B627A00B3FA2 /* VirtualMachineModelsTests.swift */; };
		C97458AB7FAA1014800D8EB3 /* ResourceComponents.swift in Sources */ = {isa = PBXBuildFile; fileRef = C4A0681391CAB1853E5FE397 /* ResourceComponents.swift */; };
		CB2BF886C18BC04C8CFB970A /* ContainerTerminalModels.swift in Sources */ = {isa = PBXBuildFile; fileRef = 4A7C02B64F7B13D689544C97 /* ContainerTerminalModels.swift */; };
		CF01A590ABF08323E6B93DC7 /* ContainerInspectorModel.swift in Sources */ = {isa = PBXBuildFile; fileRef = 5106D84EA701494900018CC2 /* ContainerInspectorModel.swift */; };
		D8DF94C1E183B21524D3E70F /* LiveAppleContainerSmokeTests.swift in Sources */ = {isa = PBXBuildFile; fileRef = D872832B249A2CC9F3C873EF /* LiveAppleContainerSmokeTests.swift */; };
		DABB4EFDC45B763D6E0BA7FC /* ImageOperationsModel.swift in Sources */ = {isa = PBXBuildFile; fileRef = 05138B07ACDBE2D65FF8A6DC /* ImageOperationsModel.swift */; };
		DD8E9F4280FD58E7E868B783 /* ContainerTerminalModelTests.swift in Sources */ = {isa = PBXBuildFile; fileRef = 561794C7F8095E30ECC83A00 /* ContainerTerminalModelTests.swift */; };
		DE0FF5308EB763EEE31EE921 /* SidebarDestination.swift in Sources */ = {isa = PBXBuildFile; fileRef = 5AE214C3E45AA0DB0B16E98B /* SidebarDestination.swift */; };
		DF37C616A057253634297F83 /* ContainerTerminalModel.swift in Sources */ = {isa = PBXBuildFile; fileRef = 6520A53D83A7ED6D6DE37854 /* ContainerTerminalModel.swift */; };
		E316827B57C531A16C240252 /* ContainerizationOCI in Frameworks */ = {isa = PBXBuildFile; productRef = 9F85DDAC9DBD34478F5972D2 /* ContainerizationOCI */; };
		EDB26DFD01272D05145851C1 /* ContainerProvisioningModel.swift in Sources */ = {isa = PBXBuildFile; fileRef = 64D4E58C6D55A831045BD8B8 /* ContainerProvisioningModel.swift */; };
		F49108654E1F41090402ABFB /* ContainerTerminalTests.swift in Sources */ = {isa = PBXBuildFile; fileRef = E3BC90DD8367F9DF0D051650 /* ContainerTerminalTests.swift */; };
/* End PBXBuildFile section */

/* Begin PBXContainerItemProxy section */
		17387A63B37DFDBE6BA6025C /* PBXContainerItemProxy */ = {
			isa = PBXContainerItemProxy;
			containerPortal = 984DE5BC047ADBC48A35FEDD /* Project object */;
			proxyType = 1;
			remoteGlobalIDString = 8E39AA86264C89E1DE0A5245;
			remoteInfo = NativeContainers;
		};
/* End PBXContainerItemProxy section */

/* Begin PBXFileReference section */
		0170AA8D0525AD135E6D45B6 /* ImageTransferModels.swift */ = {isa = PBXFileReference; lastKnownFileType = sourcecode.swift; path = ImageTransferModels.swift; sourceTree = "<group>"; };
		05138B07ACDBE2D65FF8A6DC /* ImageOperationsModel.swift */ = {isa = PBXFileReference; lastKnownFileType = sourcecode.swift; path = ImageOperationsModel.swift; sourceTree = "<group>"; };
		092D4DA1EB30193AC095265A /* SettingsView.swift */ = {isa = PBXFileReference; lastKnownFileType = sourcecode.swift; path = SettingsView.swift; sourceTree = "<group>"; };
		16DF3F25F33C4AA6D2E4A4A2 /* VirtualMachinesView.swift */ = {isa = PBXFileReference; lastKnownFileType = sourcecode.swift; path = VirtualMachinesView.swift; sourceTree = "<group>"; };
		18FEBB337510AA54210882BB /* ContainerManaging.swift */ = {isa = PBXFileReference; lastKnownFileType = sourcecode.swift; path = ContainerManaging.swift; sourceTree = "<group>"; };
		25B22569E6E84558346EB362 /* LinuxMachinesView.swift */ = {isa = PBXFileReference; lastKnownFileType = sourcecode.swift; path = LinuxMachinesView.swift; sourceTree = "<group>"; };
		280A42C7C276FAA6BAF42AA0 /* ContainerCreationView.swift */ = {isa = PBXFileReference; lastKnownFileType = sourcecode.swift; path = ContainerCreationView.swift; sourceTree = "<group>"; };
		2F24FF99A077D017F8ABA497 /* RootView.swift */ = {isa = PBXFileReference; lastKnownFileType = sourcecode.swift; path = RootView.swift; sourceTree = "<group>"; };
		34E2FB5D1DA19E2805498B0A /* RuntimeMutationCoordinator.swift */ = {isa = PBXFileReference; lastKnownFileType = sourcecode.swift; path = RuntimeMutationCoordinator.swift; sourceTree = "<group>"; };
		357DD8753B23B96AFD013E55 /* NativeContainersTests.xctest */ = {isa = PBXFileReference; explicitFileType = wrapper.cfbundle; includeInIndex = 0; path = NativeContainersTests.xctest; sourceTree = BUILT_PRODUCTS_DIR; };
		392CAC7B7617C3194AB4EC1E /* RestoreImageDownloadModels.swift */ = {isa = PBXFileReference; lastKnownFileType = sourcecode.swift; path = RestoreImageDownloadModels.swift; sourceTree = "<group>"; };
		3B6C635AC318F3EB740EBE02 /* ContainerModels.swift */ = {isa = PBXFileReference; lastKnownFileType = sourcecode.swift; path = ContainerModels.swift; sourceTree = "<group>"; };
		4492BEE0F1604A5624234904 /* RegistrySettingsModelTests.swift */ = {isa = PBXFileReference; lastKnownFileType = sourcecode.swift; path = RegistrySettingsModelTests.swift; sourceTree = "<group>"; };
		467A7DAF55C068899D8C9B81 /* PreviewSupport.swift */ = {isa = PBXFileReference; lastKnownFileType = sourcecode.swift; path = PreviewSupport.swift; sourceTree = "<group>"; };
		47B62BFC2522EEAA0D77920A /* NativeContainers.app */ = {isa = PBXFileReference; explicitFileType = wrapper.application; includeInIndex = 0; path = NativeContainers.app; sourceTree = BUILT_PRODUCTS_DIR; };
		4A7C02B64F7B13D689544C97 /* ContainerTerminalModels.swift */ = {isa = PBXFileReference; lastKnownFileType = sourcecode.swift; path = ContainerTerminalModels.swift; sourceTree = "<group>"; };
		4FEF8ABF9E1EC1708B2D30C2 /* RegistrySettingsView.swift */ = {isa = PBXFileReference; lastKnownFileType = sourcecode.swift; path = RegistrySettingsView.swift; sourceTree = "<group>"; };
		50A6FE055FE52A768F0F9C9A /* Localizable.xcstrings */ = {isa = PBXFileReference; lastKnownFileType = text.json.xcstrings; path = Localizable.xcstrings; sourceTree = "<group>"; };
		5106D84EA701494900018CC2 /* ContainerInspectorModel.swift */ = {isa = PBXFileReference; lastKnownFileType = sourcecode.swift; path = ContainerInspectorModel.swift; sourceTree = "<group>"; };
		561794C7F8095E30ECC83A00 /* ContainerTerminalModelTests.swift */ = {isa = PBXFileReference; lastKnownFileType = sourcecode.swift; path = ContainerTerminalModelTests.swift; sourceTree = "<group>"; };
		594129E25C393F840817F89F /* ContainersView.swift */ = {isa = PBXFileReference; lastKnownFileType = sourcecode.swift; path = ContainersView.swift; sourceTree = "<group>"; };
		5AE214C3E45AA0DB0B16E98B /* SidebarDestination.swift */ = {isa = PBXFileReference; lastKnownFileType = sourcecode.swift; path = SidebarDestination.swift; sourceTree = "<group>"; };
		60911C46B5774AEC27DB6B96 /* RegistryModels.swift */ = {isa = PBXFileReference; lastKnownFileType = sourcecode.swift; path = RegistryModels.swift; sourceTree = "<group>"; };
		64B4103235E6EB5FD4197F96 /* ImageInspectorModel.swift */ = {isa = PBXFileReference; lastKnownFileType = sourcecode.swift; path = ImageInspectorModel.swift; sourceTree = "<group>"; };
		64D4E58C6D55A831045BD8B8 /* ContainerProvisioningModel.swift */ = {isa = PBXFileReference; lastKnownFileType = sourcecode.swift; path = ContainerProvisioningModel.swift; sourceTree = "<group>"; };
		64FCAE44305E93880025D275 /* AppModelTests.swift */ = {isa = PBXFileReference; lastKnownFileType = sourcecode.swift; path = AppModelTests.swift; sourceTree = "<group>"; };
		6520A53D83A7ED6D6DE37854 /* ContainerTerminalModel.swift */ = {isa = PBXFileReference; lastKnownFileType = sourcecode.swift; path = ContainerTerminalModel.swift; sourceTree = "<group>"; };
		6D1302799610B115E7F71236 /* SidebarView.swift */ = {isa = PBXFileReference; lastKnownFileType = sourcecode.swift; path = SidebarView.swift; sourceTree = "<group>"; };
		6D478C585C1B6DC5D8A72C50 /* ImageManagementModels.swift */ = {isa = PBXFileReference; lastKnownFileType = sourcecode.swift; path = ImageManagementModels.swift; sourceTree = "<group>"; };
		6E70AE831593D108EB47B2A9 /* ImageManagementModelTests.swift */ = {isa = PBXFileReference; lastKnownFileType = sourcecode.swift; path = ImageManagementModelTests.swift; sourceTree = "<group>"; };
		71589C683229F274E73F2C7A /* ImageOperationViews.swift */ = {isa = PBXFileReference; lastKnownFileType = sourcecode.swift; path = ImageOperationViews.swift; sourceTree = "<group>"; };
		742BD26E898320625825152A /* MacPlatformArtifactPreparer.swift */ = {isa = PBXFileReference; lastKnownFileType = sourcecode.swift; path = MacPlatformArtifactPreparer.swift; sourceTree = "<group>"; };
		75005055A132B627A00B3FA2 /* VirtualMachineModelsTests.swift */ = {isa = PBXFileReference; lastKnownFileType = sourcecode.swift; path = VirtualMachineModelsTests.swift; sourceTree = "<group>"; };
		774B63F952CE86F525B7A805 /* MacRestoreImagePreparationModel.swift */ = {isa = PBXFileReference; lastKnownFileType = sourcecode.swift; path = MacRestoreImagePreparationModel.swift; sourceTree = "<group>"; };
		8425A4E68B15EEC200CBDA07 /* VirtualMachineLibrary.swift */ = {isa = PBXFileReference; lastKnownFileType = sourcecode.swift; path = VirtualMachineLibrary.swift; sourceTree = "<group>"; };
		8AEBD1F64838AA435C30CD0A /* ContainerToolsModel.swift */ = {isa = PBXFileReference; lastKnownFileType = sourcecode.swift; path = ContainerToolsModel.swift; sourceTree = "<group>"; };
		8C1F9CEF3FD52963FD22CEEF /* VirtualMachineLibraryTests.swift */ = {isa = PBXFileReference; lastKnownFileType = sourcecode.swift; path = VirtualMachineLibraryTests.swift; sourceTree = "<group>"; };
		93EFBB6FB16910BCF71ACF44 /* ContainerCreationModels.swift */ = {isa = PBXFileReference; lastKnownFileType = sourcecode.swift; path = ContainerCreationModels.swift; sourceTree = "<group>"; };
		95490ED77FEE23FBBF921592 /* AppModel.swift */ = {isa = PBXFileReference; lastKnownFileType = sourcecode.swift; path = AppModel.swift; sourceTree = "<group>"; };
		980FE41E5B707DB91F83BF66 /* RegistrySettingsModel.swift */ = {isa = PBXFileReference; lastKnownFileType = sourcecode.swift; path = RegistrySettingsModel.swift; sourceTree = "<group>"; };
		9A434CEEAF32D9C8EBB3CE7F /* OverviewView.swift */ = {isa = PBXFileReference; lastKnownFileType = sourcecode.swift; path = OverviewView.swift; sourceTree = "<group>"; };
		9C7E5028209B0DFC80B8A2C8 /* AppleContainerService.swift */ = {isa = PBXFileReference; lastKnownFileType = sourcecode.swift; path = AppleContainerService.swift; sourceTree = "<group>"; };
		A1F81AEBBC3FF7CB57C90A14 /* AppleContainerConfiguration.swift */ = {isa = PBXFileReference; lastKnownFileType = sourcecode.swift; path = AppleContainerConfiguration.swift; sourceTree = "<group>"; };
		A6C0B3804B6A81EC6343C2BD /* RestoreImageDownloadServiceTests.swift */ = {isa = PBXFileReference; lastKnownFileType = sourcecode.swift; path = RestoreImageDownloadServiceTests.swift; sourceTree = "<group>"; };
		A7321DD3CF2A41679EBA6EFC /* AppleRegistryService.swift */ = {isa = PBXFileReference; lastKnownFileType = sourcecode.swift; path = AppleRegistryService.swift; sourceTree = "<group>"; };
		AF2DE73C2235A83091C7DFBC /* RestoreImageDownloadService.swift */ = {isa = PBXFileReference; lastKnownFileType = sourcecode.swift; path = RestoreImageDownloadService.swift; sourceTree = "<group>"; };
		B8365227EB3D0376AFFDCEE5 /* AppleContainerTerminalSession.swift */ = {isa = PBXFileReference; lastKnownFileType = sourcecode.swift; path = AppleContainerTerminalSession.swift; sourceTree = "<group>"; };
		C4A0681391CAB1853E5FE397 /* ResourceComponents.swift */ = {isa = PBXFileReference; lastKnownFileType = sourcecode.swift; path = ResourceComponents.swift; sourceTree = "<group>"; };
		C559BC791E8C3A91155CE7D2 /* MacRestoreImageService.swift */ = {isa = PBXFileReference; lastKnownFileType = sourcecode.swift; path = MacRestoreImageService.swift; sourceTree = "<group>"; };
		C5ADBA6BF87C4299D5646A4D /* ImageInspectorView.swift */ = {isa = PBXFileReference; lastKnownFileType = sourcecode.swift; path = ImageInspectorView.swift; sourceTree = "<group>"; };
		C6494E2249097A4BB56E1115 /* VirtualMachineModels.swift */ = {isa = PBXFileReference; lastKnownFileType = sourcecode.swift; path = VirtualMachineModels.swift; sourceTree = "<group>"; };
		D4337E1F793A693C6D5225FD /* Virtualization.framework */ = {isa = PBXFileReference; lastKnownFileType = wrapper.framework; name = Virtualization.framework; path = System/Library/Frameworks/Virtualization.framework; sourceTree = SDKROOT; };
		D872832B249A2CC9F3C873EF /* LiveAppleContainerSmokeTests.swift */ = {isa = PBXFileReference; lastKnownFileType = sourcecode.swift; path = LiveAppleContainerSmokeTests.swift; sourceTree = "<group>"; };
		DFC0AB3F17054924DA710733 /* ContainerToolsView.swift */ = {isa = PBXFileReference; lastKnownFileType = sourcecode.swift; path = ContainerToolsView.swift; sourceTree = "<group>"; };
		E0A17DF6DFEB39965C7E7C58 /* ContainerToolModels.swift */ = {isa = PBXFileReference; lastKnownFileType = sourcecode.swift; path = ContainerToolModels.swift; sourceTree = "<group>"; };
		E0BB5F9D6F70F66374A5AE0C /* MacRestoreImagePreparationModelTests.swift */ = {isa = PBXFileReference; lastKnownFileType = sourcecode.swift; path = MacRestoreImagePreparationModelTests.swift; sourceTree = "<group>"; };
		E3BC90DD8367F9DF0D051650 /* ContainerTerminalTests.swift */ = {isa = PBXFileReference; lastKnownFileType = sourcecode.swift; path = ContainerTerminalTests.swift; sourceTree = "<group>"; };
		E7B890A12311E33B73B8EB33 /* ContainerTerminalView.swift */ = {isa = PBXFileReference; lastKnownFileType = sourcecode.swift; path = ContainerTerminalView.swift; sourceTree = "<group>"; };
		EDA90501AD818258C2C4324C /* ImagesView.swift */ = {isa = PBXFileReference; lastKnownFileType = sourcecode.swift; path = ImagesView.swift; sourceTree = "<group>"; };
		F023DF90411E232804D84D7E /* NativeContainersApp.swift */ = {isa = PBXFileReference; lastKnownFileType = sourcecode.swift; path = NativeContainersApp.swift; sourceTree = "<group>"; };
		F837DF4795B3D693B4C0C538 /* RegistryManaging.swift */ = {isa = PBXFileReference; lastKnownFileType = sourcecode.swift; path = RegistryManaging.swift; sourceTree = "<group>"; };
		FEED10D5DDE4C2769E97A932 /* VolumesView.swift */ = {isa = PBXFileReference; lastKnownFileType = sourcecode.swift; path = VolumesView.swift; sourceTree = "<group>"; };
		FF7D72F56C28FAC26CFCC861 /* VirtualMachineConsoleView.swift */ = {isa = PBXFileReference; lastKnownFileType = sourcecode.swift; path = VirtualMachineConsoleView.swift; sourceTree = "<group>"; };
/* End PBXFileReference section */

/* Begin PBXFrameworksBuildPhase section */
		64C74D7BB66194818C982305 /* Frameworks */ = {
			isa = PBXFrameworksBuildPhase;
			buildActionMask = 2147483647;
			files = (
				1BBD6A591ECFFBA28911EA50 /* ContainerAPIClient in Frameworks */,
				A0DD72D3DC5A2BDF51E4E131 /* ContainerResource in Frameworks */,
				4FA86E4DFEA1057AB15C8955 /* ContainerPersistence in Frameworks */,
				472AD22A235AF25FAD33B256 /* TerminalProgress in Frameworks */,
				133138E6CF020F1C1ED96378 /* MachineAPIClient in Frameworks */,
				05B396E66464C298777F3A51 /* ContainerizationOS in Frameworks */,
				E316827B57C531A16C240252 /* ContainerizationOCI in Frameworks */,
				94B08885FDF42DAAC4480C2B /* ContainerizationExtras in Frameworks */,
				74EEB140E764E33F30C47C7A /* SwiftTerm in Frameworks */,
				A4E6BF7664A641DAF186CD34 /* SystemPackage in Frameworks */,
				462AE2C76CA12DEDE32C9AF0 /* Virtualization.framework in Frameworks */,
			);
			runOnlyForDeploymentPostprocessing = 0;
		};
/* End PBXFrameworksBuildPhase section */

/* Begin PBXGroup section */
		0912A0A6A93D22FBBC2926C6 /* Views */ = {
			isa = PBXGroup;
			children = (
				280A42C7C276FAA6BAF42AA0 /* ContainerCreationView.swift */,
				594129E25C393F840817F89F /* ContainersView.swift */,
				E7B890A12311E33B73B8EB33 /* ContainerTerminalView.swift */,
				DFC0AB3F17054924DA710733 /* ContainerToolsView.swift */,
				C5ADBA6BF87C4299D5646A4D /* ImageInspectorView.swift */,
				71589C683229F274E73F2C7A /* ImageOperationViews.swift */,
				EDA90501AD818258C2C4324C /* ImagesView.swift */,
				25B22569E6E84558346EB362 /* LinuxMachinesView.swift */,
				9A434CEEAF32D9C8EBB3CE7F /* OverviewView.swift */,
				4FEF8ABF9E1EC1708B2D30C2 /* RegistrySettingsView.swift */,
				C4A0681391CAB1853E5FE397 /* ResourceComponents.swift */,
				2F24FF99A077D017F8ABA497 /* RootView.swift */,
				092D4DA1EB30193AC095265A /* SettingsView.swift */,
				5AE214C3E45AA0DB0B16E98B /* SidebarDestination.swift */,
				6D1302799610B115E7F71236 /* SidebarView.swift */,
				16DF3F25F33C4AA6D2E4A4A2 /* VirtualMachinesView.swift */,
				FEED10D5DDE4C2769E97A932 /* VolumesView.swift */,
			);
			path = Views;
			sourceTree = "<group>";
		};
		0A9D8F50BAE0E2EDD346D8E3 /* Domain */ = {
			isa = PBXGroup;
			children = (
				93EFBB6FB16910BCF71ACF44 /* ContainerCreationModels.swift */,
				3B6C635AC318F3EB740EBE02 /* ContainerModels.swift */,
				4A7C02B64F7B13D689544C97 /* ContainerTerminalModels.swift */,
				E0A17DF6DFEB39965C7E7C58 /* ContainerToolModels.swift */,
				6D478C585C1B6DC5D8A72C50 /* ImageManagementModels.swift */,
				0170AA8D0525AD135E6D45B6 /* ImageTransferModels.swift */,
				60911C46B5774AEC27DB6B96 /* RegistryModels.swift */,
				392CAC7B7617C3194AB4EC1E /* RestoreImageDownloadModels.swift */,
				C6494E2249097A4BB56E1115 /* VirtualMachineModels.swift */,
			);
			path = Domain;
			sourceTree = "<group>";
		};
		216DDC96B29F43C61AB411D5 /* NativeContainersTests */ = {
			isa = PBXGroup;
			children = (
				64FCAE44305E93880025D275 /* AppModelTests.swift */,
				561794C7F8095E30ECC83A00 /* ContainerTerminalModelTests.swift */,
				E3BC90DD8367F9DF0D051650 /* ContainerTerminalTests.swift */,
				6E70AE831593D108EB47B2A9 /* ImageManagementModelTests.swift */,
				D872832B249A2CC9F3C873EF /* LiveAppleContainerSmokeTests.swift */,
				E0BB5F9D6F70F66374A5AE0C /* MacRestoreImagePreparationModelTests.swift */,
				4492BEE0F1604A5624234904 /* RegistrySettingsModelTests.swift */,
				A6C0B3804B6A81EC6343C2BD /* RestoreImageDownloadServiceTests.swift */,
				8C1F9CEF3FD52963FD22CEEF /* VirtualMachineLibraryTests.swift */,
				75005055A132B627A00B3FA2 /* VirtualMachineModelsTests.swift */,
			);
			path = NativeContainersTests;
			sourceTree = "<group>";
		};
		29D02D7F57297D42BDD3F7A1 /* Services */ = {
			isa = PBXGroup;
			children = (
				A1F81AEBBC3FF7CB57C90A14 /* AppleContainerConfiguration.swift */,
				9C7E5028209B0DFC80B8A2C8 /* AppleContainerService.swift */,
				B8365227EB3D0376AFFDCEE5 /* AppleContainerTerminalSession.swift */,
				A7321DD3CF2A41679EBA6EFC /* AppleRegistryService.swift */,
				18FEBB337510AA54210882BB /* ContainerManaging.swift */,
				742BD26E898320625825152A /* MacPlatformArtifactPreparer.swift */,
				C559BC791E8C3A91155CE7D2 /* MacRestoreImageService.swift */,
				F837DF4795B3D693B4C0C538 /* RegistryManaging.swift */,
				AF2DE73C2235A83091C7DFBC /* RestoreImageDownloadService.swift */,
				34E2FB5D1DA19E2805498B0A /* RuntimeMutationCoordinator.swift */,
				FF7D72F56C28FAC26CFCC861 /* VirtualMachineConsoleView.swift */,
				8425A4E68B15EEC200CBDA07 /* VirtualMachineLibrary.swift */,
			);
			path = Services;
			sourceTree = "<group>";
		};
		8B509B80D95CC24BABC1FA91 /* Resources */ = {
			isa = PBXGroup;
			children = (
				50A6FE055FE52A768F0F9C9A /* Localizable.xcstrings */,
			);
			path = Resources;
			sourceTree = "<group>";
		};
		AAA4D7C97DD6DEEE929A6968 /* Preview */ = {
			isa = PBXGroup;
			children = (
				467A7DAF55C068899D8C9B81 /* PreviewSupport.swift */,
			);
			path = Preview;
			sourceTree = "<group>";
		};
		B8C280A6A4149D7ADFCA8A58 /* App */ = {
			isa = PBXGroup;
			children = (
				95490ED77FEE23FBBF921592 /* AppModel.swift */,
				5106D84EA701494900018CC2 /* ContainerInspectorModel.swift */,
				64D4E58C6D55A831045BD8B8 /* ContainerProvisioningModel.swift */,
				6520A53D83A7ED6D6DE37854 /* ContainerTerminalModel.swift */,
				8AEBD1F64838AA435C30CD0A /* ContainerToolsModel.swift */,
				64B4103235E6EB5FD4197F96 /* ImageInspectorModel.swift */,
				05138B07ACDBE2D65FF8A6DC /* ImageOperationsModel.swift */,
				774B63F952CE86F525B7A805 /* MacRestoreImagePreparationModel.swift */,
				F023DF90411E232804D84D7E /* NativeContainersApp.swift */,
				980FE41E5B707DB91F83BF66 /* RegistrySettingsModel.swift */,
			);
			path = App;
			sourceTree = "<group>";
		};
		BF96B46CD17CCDF42F8ACC64 /* NativeContainers */ = {
			isa = PBXGroup;
			children = (
				B8C280A6A4149D7ADFCA8A58 /* App */,
				0A9D8F50BAE0E2EDD346D8E3 /* Domain */,
				AAA4D7C97DD6DEEE929A6968 /* Preview */,
				8B509B80D95CC24BABC1FA91 /* Resources */,
				29D02D7F57297D42BDD3F7A1 /* Services */,
				0912A0A6A93D22FBBC2926C6 /* Views */,
			);
			path = NativeContainers;
			sourceTree = "<group>";
		};
		CEC3E60530ACE02D2F9F5820 /* Products */ = {
			isa = PBXGroup;
			children = (
				47B62BFC2522EEAA0D77920A /* NativeContainers.app */,
				357DD8753B23B96AFD013E55 /* NativeContainersTests.xctest */,
			);
			name = Products;
			sourceTree = "<group>";
		};
		D05A25DCF3F8105486162E74 /* Frameworks */ = {
			isa = PBXGroup;
			children = (
				D4337E1F793A693C6D5225FD /* Virtualization.framework */,
			);
			name = Frameworks;
			sourceTree = "<group>";
		};
		D56F3F172900D983F188E1BC = {
			isa = PBXGroup;
			children = (
				BF96B46CD17CCDF42F8ACC64 /* NativeContainers */,
				216DDC96B29F43C61AB411D5 /* NativeContainersTests */,
				D05A25DCF3F8105486162E74 /* Frameworks */,
				CEC3E60530ACE02D2F9F5820 /* Products */,
			);
			sourceTree = "<group>";
		};
/* End PBXGroup section */

/* Begin PBXNativeTarget section */
		2B0DBA53B2E6435E5B4682FC /* NativeContainersTests */ = {
			isa = PBXNativeTarget;
			buildConfigurationList = 0D10D6797D3399C03AAA9D6C /* Build configuration list for PBXNativeTarget "NativeContainersTests" */;
			buildPhases = (
				74F47C467C616AFD42ACC142 /* Sources */,
			);
			buildRules = (
			);
			dependencies = (
				070A2FCE99FEF45C645FB5B6 /* PBXTargetDependency */,
			);
			name = NativeContainersTests;
			packageProductDependencies = (
			);
			productName = NativeContainersTests;
			productReference = 357DD8753B23B96AFD013E55 /* NativeContainersTests.xctest */;
			productType = "com.apple.product-type.bundle.unit-test";
		};
		8E39AA86264C89E1DE0A5245 /* NativeContainers */ = {
			isa = PBXNativeTarget;
			buildConfigurationList = E6CA4AB3FA152A71CBEEA206 /* Build configuration list for PBXNativeTarget "NativeContainers" */;
			buildPhases = (
				9C56937FB3E6EA3E9B734905 /* Sources */,
				6E66A0D76D896FA878FDF1EE /* Resources */,
				64C74D7BB66194818C982305 /* Frameworks */,
			);
			buildRules = (
			);
			dependencies = (
			);
			name = NativeContainers;
			packageProductDependencies = (
				FEDBA359A3DD0CDF024FA4CD /* ContainerAPIClient */,
				8056B0FD3F6799321F7D7A25 /* ContainerResource */,
				F4D556CC3FAA227FB9391CEA /* ContainerPersistence */,
				8F4F48F51AEFA714D796B104 /* TerminalProgress */,
				F846A45DDAF8A293AAFE7EB5 /* MachineAPIClient */,
				EF7F28482C21CAD5DD612873 /* ContainerizationOS */,
				9F85DDAC9DBD34478F5972D2 /* ContainerizationOCI */,
				A9DC0AD6B07203E2A93CF6B2 /* ContainerizationExtras */,
				30533D4161AA07850961547D /* SwiftTerm */,
				E31E37C1FC7D132EE584B7DA /* SystemPackage */,
			);
			productName = NativeContainers;
			productReference = 47B62BFC2522EEAA0D77920A /* NativeContainers.app */;
			productType = "com.apple.product-type.application";
		};
/* End PBXNativeTarget section */

/* Begin PBXProject section */
		984DE5BC047ADBC48A35FEDD /* Project object */ = {
			isa = PBXProject;
			attributes = {
				BuildIndependentTargetsInParallel = YES;
				LastUpgradeCheck = 1430;
				TargetAttributes = {
					2B0DBA53B2E6435E5B4682FC = {
						ProvisioningStyle = Automatic;
					};
					8E39AA86264C89E1DE0A5245 = {
						ProvisioningStyle = Automatic;
					};
				};
			};
			buildConfigurationList = B414A8D8C479E79A83163C4A /* Build configuration list for PBXProject "NativeContainers" */;
			developmentRegion = en;
			hasScannedForEncodings = 0;
			knownRegions = (
				Base,
				en,
			);
			mainGroup = D56F3F172900D983F188E1BC;
			minimizedProjectReferenceProxies = 1;
			packageReferences = (
				DF4B0E8A91059632E99B0AC0 /* XCRemoteSwiftPackageReference "container" */,
				5C3B5BF88E30F32A489F8427 /* XCRemoteSwiftPackageReference "containerization" */,
				6B799584C23D3EA782C23C7E /* XCRemoteSwiftPackageReference "swift-system" */,
				E707C4C1BA7C270D01295E53 /* XCRemoteSwiftPackageReference "SwiftTerm" */,
			);
			preferredProjectObjectVersion = 77;
			productRefGroup = CEC3E60530ACE02D2F9F5820 /* Products */;
			projectDirPath = "";
			projectRoot = "";
			targets = (
				8E39AA86264C89E1DE0A5245 /* NativeContainers */,
				2B0DBA53B2E6435E5B4682FC /* NativeContainersTests */,
			);
		};
/* End PBXProject section */

/* Begin PBXResourcesBuildPhase section */
		6E66A0D76D896FA878FDF1EE /* Resources */ = {
			isa = PBXResourcesBuildPhase;
			buildActionMask = 2147483647;
			files = (
				267B8B7DEB728875D45C11CC /* Localizable.xcstrings in Resources */,
			);
			runOnlyForDeploymentPostprocessing = 0;
		};
/* End PBXResourcesBuildPhase section */

/* Begin PBXSourcesBuildPhase section */
		74F47C467C616AFD42ACC142 /* Sources */ = {
			isa = PBXSourcesBuildPhase;
			buildActionMask = 2147483647;
			files = (
				B1148E3495B9B990BDE15006 /* AppModelTests.swift in Sources */,
				DD8E9F4280FD58E7E868B783 /* ContainerTerminalModelTests.swift in Sources */,
				F49108654E1F41090402ABFB /* ContainerTerminalTests.swift in Sources */,
				666353AB8186EF6776208579 /* ImageManagementModelTests.swift in Sources */,
				D8DF94C1E183B21524D3E70F /* LiveAppleContainerSmokeTests.swift in Sources */,
				A84C9E71E18B6F05297928CC /* MacRestoreImagePreparationModelTests.swift in Sources */,
				37D4EF5F6055D1A226C3BA44 /* RegistrySettingsModelTests.swift in Sources */,
				19E20564B7D56C32F75FE527 /* RestoreImageDownloadServiceTests.swift in Sources */,
				28033CCAC546F43031537AAF /* VirtualMachineLibraryTests.swift in Sources */,
				C2C2661B8E02F3B836209B2A /* VirtualMachineModelsTests.swift in Sources */,
			);
			runOnlyForDeploymentPostprocessing = 0;
		};
		9C56937FB3E6EA3E9B734905 /* Sources */ = {
			isa = PBXSourcesBuildPhase;
			buildActionMask = 2147483647;
			files = (
				6DF203F008ABAD5C4AB7903C /* AppModel.swift in Sources */,
				BC4ED80883CAB8BB12C639AE /* AppleContainerConfiguration.swift in Sources */,
				9797C01E4560B0E89E706FBF /* AppleContainerService.swift in Sources */,
				AD177B51B351BFC74B0C8D1F /* AppleContainerTerminalSession.swift in Sources */,
				913DA2E6216BA0CB90140534 /* AppleRegistryService.swift in Sources */,
				55143B3A37AFE0BD7CB78CD1 /* ContainerCreationModels.swift in Sources */,
				4F656DDFC3706DF8D8B4E3C0 /* ContainerCreationView.swift in Sources */,
				CF01A590ABF08323E6B93DC7 /* ContainerInspectorModel.swift in Sources */,
				9B0B0A2D8D7E816F5DB11F1E /* ContainerManaging.swift in Sources */,
				5EF45D5EC2FC881A0CADCA99 /* ContainerModels.swift in Sources */,
				EDB26DFD01272D05145851C1 /* ContainerProvisioningModel.swift in Sources */,
				DF37C616A057253634297F83 /* ContainerTerminalModel.swift in Sources */,
				CB2BF886C18BC04C8CFB970A /* ContainerTerminalModels.swift in Sources */,
				8BE07DC732E4109E57129AB3 /* ContainerTerminalView.swift in Sources */,
				97A0664149C8957C65DD1674 /* ContainerToolModels.swift in Sources */,
				73762F62AD06A7F38EA6E1E3 /* ContainerToolsModel.swift in Sources */,
				0CCB9B1572811399DAE295EE /* ContainerToolsView.swift in Sources */,
				A0AE31A3A8A12AAEE077BBC1 /* ContainersView.swift in Sources */,
				3DCB281F5AF84FBC4DDE6AD2 /* ImageInspectorModel.swift in Sources */,
				AEF8A0C79D65EBF3BC79F55A /* ImageInspectorView.swift in Sources */,
				09827E0EC05BF4BA13CA3F8B /* ImageManagementModels.swift in Sources */,
				89BC7AFF7D77A8BEBC3C1009 /* ImageOperationViews.swift in Sources */,
				DABB4EFDC45B763D6E0BA7FC /* ImageOperationsModel.swift in Sources */,
				21F1991F0C1032C29962E257 /* ImageTransferModels.swift in Sources */,
				455E49DED3838B07FB756991 /* ImagesView.swift in Sources */,
				6EFDAA07140EDCC9B4FB8615 /* LinuxMachinesView.swift in Sources */,
				78D8757B9A4FE8F19E8883AF /* MacPlatformArtifactPreparer.swift in Sources */,
				ABEE87307ABFB2C102B3C269 /* MacRestoreImagePreparationModel.swift in Sources */,
				8753FE26B39E232AECFF3010 /* MacRestoreImageService.swift in Sources */,
				6D997CBC0773804955C7F048 /* NativeContainersApp.swift in Sources */,
				3520842AEB27B251F26E94E5 /* OverviewView.swift in Sources */,
				515EDFD55BB4EFF79D4B9003 /* PreviewSupport.swift in Sources */,
				2CEB095A2F3E92AB8DD58DF8 /* RegistryManaging.swift in Sources */,
				19C93B52E2ED9D3F10EC8F72 /* RegistryModels.swift in Sources */,
				B34A1EACA5BFB2F30DC1E553 /* RegistrySettingsModel.swift in Sources */,
				1BF0DD0A425B04128E9B1440 /* RegistrySettingsView.swift in Sources */,
				C97458AB7FAA1014800D8EB3 /* ResourceComponents.swift in Sources */,
				4C866FE48A250D91907E0D23 /* RestoreImageDownloadModels.swift in Sources */,
				BEF88012C7F13A21B4B2C57E /* RestoreImageDownloadService.swift in Sources */,
				72D23C0E9992E41005DDACDC /* RootView.swift in Sources */,
				2607934497FE5507A6C92B7E /* RuntimeMutationCoordinator.swift in Sources */,
				9D0A93C7B104FECF0AC7E446 /* SettingsView.swift in Sources */,
				DE0FF5308EB763EEE31EE921 /* SidebarDestination.swift in Sources */,
				544A5C0316B516173A705366 /* SidebarView.swift in Sources */,
				5BF5FFC00ABD566B235306A7 /* VirtualMachineConsoleView.swift in Sources */,
				62BCFBEE6E078D471BA3AE65 /* VirtualMachineLibrary.swift in Sources */,
				4DBEA60A3A33B0528C68106A /* VirtualMachineModels.swift in Sources */,
				236A6E649357810DB1C263BE /* VirtualMachinesView.swift in Sources */,
				B10B22FAA12D249A147360B3 /* VolumesView.swift in Sources */,
			);
			runOnlyForDeploymentPostprocessing = 0;
		};
/* End PBXSourcesBuildPhase section */

/* Begin PBXTargetDependency section */
		070A2FCE99FEF45C645FB5B6 /* PBXTargetDependency */ = {
			isa = PBXTargetDependency;
			target = 8E39AA86264C89E1DE0A5245 /* NativeContainers */;
			targetProxy = 17387A63B37DFDBE6BA6025C /* PBXContainerItemProxy */;
		};
/* End PBXTargetDependency section */

/* Begin XCBuildConfiguration section */
		000A0ACD2D6A7865E609ACA7 /* Debug */ = {
			isa = XCBuildConfiguration;
			buildSettings = {
				ASSETCATALOG_COMPILER_APPICON_NAME = AppIcon;
				COMBINE_HIDPI_IMAGES = YES;
				DEAD_CODE_STRIPPING = YES;
				ENABLE_APP_SANDBOX = NO;
				GENERATE_INFOPLIST_FILE = YES;
				INFOPLIST_KEY_CFBundleDisplayName = NativeContainers;
				INFOPLIST_KEY_LSApplicationCategoryType = "public.app-category.developer-tools";
				INFOPLIST_KEY_NSPrincipalClass = NSApplication;
				LD_RUNPATH_SEARCH_PATHS = (
					"$(inherited)",
					"@executable_path/../Frameworks",
				);
				PRODUCT_BUNDLE_IDENTIFIER = com.nativecontainers.app;
				PRODUCT_NAME = NativeContainers;
				SDKROOT = macosx;
			};
			name = Debug;
		};
		4537E86DC76AF87C87E7035D /* Release */ = {
			isa = XCBuildConfiguration;
			buildSettings = {
				BUNDLE_LOADER = "$(TEST_HOST)";
				COMBINE_HIDPI_IMAGES = YES;
				GENERATE_INFOPLIST_FILE = YES;
				LD_RUNPATH_SEARCH_PATHS = (
					"$(inherited)",
					"@executable_path/../Frameworks",
					"@loader_path/../Frameworks",
				);
				PRODUCT_BUNDLE_IDENTIFIER = com.nativecontainers.tests;
				SDKROOT = macosx;
				TEST_HOST = "$(BUILT_PRODUCTS_DIR)/NativeContainers.app/Contents/MacOS/NativeContainers";
			};
			name = Release;
		};
		6D1C6608D06EDB477F6F9683 /* Debug */ = {
			isa = XCBuildConfiguration;
			buildSettings = {
				BUNDLE_LOADER = "$(TEST_HOST)";
				COMBINE_HIDPI_IMAGES = YES;
				GENERATE_INFOPLIST_FILE = YES;
				LD_RUNPATH_SEARCH_PATHS = (
					"$(inherited)",
					"@executable_path/../Frameworks",
					"@loader_path/../Frameworks",
				);
				PRODUCT_BUNDLE_IDENTIFIER = com.nativecontainers.tests;
				SDKROOT = macosx;
				TEST_HOST = "$(BUILT_PRODUCTS_DIR)/NativeContainers.app/Contents/MacOS/NativeContainers";
			};
			name = Debug;
		};
		CE8C9D1E267B5BD0A7BBE51F /* Release */ = {
			isa = XCBuildConfiguration;
			buildSettings = {
				ALWAYS_SEARCH_USER_PATHS = NO;
				CLANG_ANALYZER_NONNULL = YES;
				CLANG_ANALYZER_NUMBER_OBJECT_CONVERSION = YES_AGGRESSIVE;
				CLANG_CXX_LANGUAGE_STANDARD = "gnu++14";
				CLANG_CXX_LIBRARY = "libc++";
				CLANG_ENABLE_MODULES = YES;
				CLANG_ENABLE_OBJC_ARC = YES;
				CLANG_ENABLE_OBJC_WEAK = YES;
				CLANG_WARN_BLOCK_CAPTURE_AUTORELEASING = YES;
				CLANG_WARN_BOOL_CONVERSION = YES;
				CLANG_WARN_COMMA = YES;
				CLANG_WARN_CONSTANT_CONVERSION = YES;
				CLANG_WARN_DEPRECATED_OBJC_IMPLEMENTATIONS = YES;
				CLANG_WARN_DIRECT_OBJC_ISA_USAGE = YES_ERROR;
				CLANG_WARN_DOCUMENTATION_COMMENTS = YES;
				CLANG_WARN_EMPTY_BODY = YES;
				CLANG_WARN_ENUM_CONVERSION = YES;
				CLANG_WARN_INFINITE_RECURSION = YES;
				CLANG_WARN_INT_CONVERSION = YES;
				CLANG_WARN_NON_LITERAL_NULL_CONVERSION = YES;
				CLANG_WARN_OBJC_IMPLICIT_RETAIN_SELF = YES;
				CLANG_WARN_OBJC_LITERAL_CONVERSION = YES;
				CLANG_WARN_OBJC_ROOT_CLASS = YES_ERROR;
				CLANG_WARN_QUOTED_INCLUDE_IN_FRAMEWORK_HEADER = YES;
				CLANG_WARN_RANGE_LOOP_ANALYSIS = YES;
				CLANG_WARN_STRICT_PROTOTYPES = YES;
				CLANG_WARN_SUSPICIOUS_MOVE = YES;
				CLANG_WARN_UNGUARDED_AVAILABILITY = YES_AGGRESSIVE;
				CLANG_WARN_UNREACHABLE_CODE = YES;
				CLANG_WARN__DUPLICATE_METHOD_MATCH = YES;
				CODE_SIGN_STYLE = Automatic;
				COPY_PHASE_STRIP = NO;
				DEBUG_INFORMATION_FORMAT = "dwarf-with-dsym";
				ENABLE_NS_ASSERTIONS = NO;
				ENABLE_STRICT_OBJC_MSGSEND = YES;
				GCC_C_LANGUAGE_STANDARD = gnu11;
				GCC_NO_COMMON_BLOCKS = YES;
				GCC_WARN_64_TO_32_BIT_CONVERSION = YES;
				GCC_WARN_ABOUT_RETURN_TYPE = YES_ERROR;
				GCC_WARN_UNDECLARED_SELECTOR = YES;
				GCC_WARN_UNINITIALIZED_AUTOS = YES_AGGRESSIVE;
				GCC_WARN_UNUSED_FUNCTION = YES;
				GCC_WARN_UNUSED_VARIABLE = YES;
				MACOSX_DEPLOYMENT_TARGET = 26.0;
				MTL_ENABLE_DEBUG_INFO = NO;
				MTL_FAST_MATH = YES;
				PRODUCT_NAME = "$(TARGET_NAME)";
				SDKROOT = macosx;
				SWIFT_COMPILATION_MODE = wholemodule;
				SWIFT_OPTIMIZATION_LEVEL = "-O";
				SWIFT_STRICT_CONCURRENCY = complete;
				SWIFT_VERSION = 6.0;
			};
			name = Release;
		};
		DB2549A4D751CFBF8B3C8EE7 /* Release */ = {
			isa = XCBuildConfiguration;
			buildSettings = {
				ASSETCATALOG_COMPILER_APPICON_NAME = AppIcon;
				COMBINE_HIDPI_IMAGES = YES;
				DEAD_CODE_STRIPPING = YES;
				ENABLE_APP_SANDBOX = NO;
				GENERATE_INFOPLIST_FILE = YES;
				INFOPLIST_KEY_CFBundleDisplayName = NativeContainers;
				INFOPLIST_KEY_LSApplicationCategoryType = "public.app-category.developer-tools";
				INFOPLIST_KEY_NSPrincipalClass = NSApplication;
				LD_RUNPATH_SEARCH_PATHS = (
					"$(inherited)",
					"@executable_path/../Frameworks",
				);
				PRODUCT_BUNDLE_IDENTIFIER = com.nativecontainers.app;
				PRODUCT_NAME = NativeContainers;
				SDKROOT = macosx;
			};
			name = Release;
		};
		FCCAE4DFBF52DD13B1A86726 /* Debug */ = {
			isa = XCBuildConfiguration;
			buildSettings = {
				ALWAYS_SEARCH_USER_PATHS = NO;
				CLANG_ANALYZER_NONNULL = YES;
				CLANG_ANALYZER_NUMBER_OBJECT_CONVERSION = YES_AGGRESSIVE;
				CLANG_CXX_LANGUAGE_STANDARD = "gnu++14";
				CLANG_CXX_LIBRARY = "libc++";
				CLANG_ENABLE_MODULES = YES;
				CLANG_ENABLE_OBJC_ARC = YES;
				CLANG_ENABLE_OBJC_WEAK = YES;
				CLANG_WARN_BLOCK_CAPTURE_AUTORELEASING = YES;
				CLANG_WARN_BOOL_CONVERSION = YES;
				CLANG_WARN_COMMA = YES;
				CLANG_WARN_CONSTANT_CONVERSION = YES;
				CLANG_WARN_DEPRECATED_OBJC_IMPLEMENTATIONS = YES;
				CLANG_WARN_DIRECT_OBJC_ISA_USAGE = YES_ERROR;
				CLANG_WARN_DOCUMENTATION_COMMENTS = YES;
				CLANG_WARN_EMPTY_BODY = YES;
				CLANG_WARN_ENUM_CONVERSION = YES;
				CLANG_WARN_INFINITE_RECURSION = YES;
				CLANG_WARN_INT_CONVERSION = YES;
				CLANG_WARN_NON_LITERAL_NULL_CONVERSION = YES;
				CLANG_WARN_OBJC_IMPLICIT_RETAIN_SELF = YES;
				CLANG_WARN_OBJC_LITERAL_CONVERSION = YES;
				CLANG_WARN_OBJC_ROOT_CLASS = YES_ERROR;
				CLANG_WARN_QUOTED_INCLUDE_IN_FRAMEWORK_HEADER = YES;
				CLANG_WARN_RANGE_LOOP_ANALYSIS = YES;
				CLANG_WARN_STRICT_PROTOTYPES = YES;
				CLANG_WARN_SUSPICIOUS_MOVE = YES;
				CLANG_WARN_UNGUARDED_AVAILABILITY = YES_AGGRESSIVE;
				CLANG_WARN_UNREACHABLE_CODE = YES;
				CLANG_WARN__DUPLICATE_METHOD_MATCH = YES;
				CODE_SIGN_STYLE = Automatic;
				COPY_PHASE_STRIP = NO;
				DEBUG_INFORMATION_FORMAT = dwarf;
				ENABLE_STRICT_OBJC_MSGSEND = YES;
				ENABLE_TESTABILITY = YES;
				GCC_C_LANGUAGE_STANDARD = gnu11;
				GCC_DYNAMIC_NO_PIC = NO;
				GCC_NO_COMMON_BLOCKS = YES;
				GCC_OPTIMIZATION_LEVEL = 0;
				GCC_PREPROCESSOR_DEFINITIONS = (
					"$(inherited)",
					"DEBUG=1",
				);
				GCC_WARN_64_TO_32_BIT_CONVERSION = YES;
				GCC_WARN_ABOUT_RETURN_TYPE = YES_ERROR;
				GCC_WARN_UNDECLARED_SELECTOR = YES;
				GCC_WARN_UNINITIALIZED_AUTOS = YES_AGGRESSIVE;
				GCC_WARN_UNUSED_FUNCTION = YES;
				GCC_WARN_UNUSED_VARIABLE = YES;
				MACOSX_DEPLOYMENT_TARGET = 26.0;
				MTL_ENABLE_DEBUG_INFO = INCLUDE_SOURCE;
				MTL_FAST_MATH = YES;
				ONLY_ACTIVE_ARCH = YES;
				PRODUCT_NAME = "$(TARGET_NAME)";
				SDKROOT = macosx;
				SWIFT_ACTIVE_COMPILATION_CONDITIONS = DEBUG;
				SWIFT_OPTIMIZATION_LEVEL = "-Onone";
				SWIFT_STRICT_CONCURRENCY = complete;
				SWIFT_VERSION = 6.0;
			};
			name = Debug;
		};
/* End XCBuildConfiguration section */

/* Begin XCConfigurationList section */
		0D10D6797D3399C03AAA9D6C /* Build configuration list for PBXNativeTarget "NativeContainersTests" */ = {
			isa = XCConfigurationList;
			buildConfigurations = (
				6D1C6608D06EDB477F6F9683 /* Debug */,
				4537E86DC76AF87C87E7035D /* Release */,
			);
			defaultConfigurationIsVisible = 0;
			defaultConfigurationName = Debug;
		};
		B414A8D8C479E79A83163C4A /* Build configuration list for PBXProject "NativeContainers" */ = {
			isa = XCConfigurationList;
			buildConfigurations = (
				FCCAE4DFBF52DD13B1A86726 /* Debug */,
				CE8C9D1E267B5BD0A7BBE51F /* Release */,
			);
			defaultConfigurationIsVisible = 0;
			defaultConfigurationName = Debug;
		};
		E6CA4AB3FA152A71CBEEA206 /* Build configuration list for PBXNativeTarget "NativeContainers" */ = {
			isa = XCConfigurationList;
			buildConfigurations = (
				000A0ACD2D6A7865E609ACA7 /* Debug */,
				DB2549A4D751CFBF8B3C8EE7 /* Release */,
			);
			defaultConfigurationIsVisible = 0;
			defaultConfigurationName = Debug;
		};
/* End XCConfigurationList section */

/* Begin XCRemoteSwiftPackageReference section */
		5C3B5BF88E30F32A489F8427 /* XCRemoteSwiftPackageReference "containerization" */ = {
			isa = XCRemoteSwiftPackageReference;
			repositoryURL = "https://github.com/apple/containerization.git";
			requirement = {
				kind = exactVersion;
				version = 0.33.3;
			};
		};
		6B799584C23D3EA782C23C7E /* XCRemoteSwiftPackageReference "swift-system" */ = {
			isa = XCRemoteSwiftPackageReference;
			repositoryURL = "https://github.com/apple/swift-system.git";
			requirement = {
				kind = upToNextMajorVersion;
				minimumVersion = 1.6.4;
			};
		};
		DF4B0E8A91059632E99B0AC0 /* XCRemoteSwiftPackageReference "container" */ = {
			isa = XCRemoteSwiftPackageReference;
			repositoryURL = "https://github.com/apple/container.git";
			requirement = {
				kind = exactVersion;
				version = 1.0.0;
			};
		};
		E707C4C1BA7C270D01295E53 /* XCRemoteSwiftPackageReference "SwiftTerm" */ = {
			isa = XCRemoteSwiftPackageReference;
			repositoryURL = "https://github.com/migueldeicaza/SwiftTerm.git";
			requirement = {
				kind = exactVersion;
				version = 1.13.0;
			};
		};
/* End XCRemoteSwiftPackageReference section */

/* Begin XCSwiftPackageProductDependency section */
		30533D4161AA07850961547D /* SwiftTerm */ = {
			isa = XCSwiftPackageProductDependency;
			package = E707C4C1BA7C270D01295E53 /* XCRemoteSwiftPackageReference "SwiftTerm" */;
			productName = SwiftTerm;
		};
		8056B0FD3F6799321F7D7A25 /* ContainerResource */ = {
			isa = XCSwiftPackageProductDependency;
			package = DF4B0E8A91059632E99B0AC0 /* XCRemoteSwiftPackageReference "container" */;
			productName = ContainerResource;
		};
		8F4F48F51AEFA714D796B104 /* TerminalProgress */ = {
			isa = XCSwiftPackageProductDependency;
			package = DF4B0E8A91059632E99B0AC0 /* XCRemoteSwiftPackageReference "container" */;
			productName = TerminalProgress;
		};
		9F85DDAC9DBD34478F5972D2 /* ContainerizationOCI */ = {
			isa = XCSwiftPackageProductDependency;
			package = 5C3B5BF88E30F32A489F8427 /* XCRemoteSwiftPackageReference "containerization" */;
			productName = ContainerizationOCI;
		};
		A9DC0AD6B07203E2A93CF6B2 /* ContainerizationExtras */ = {
			isa = XCSwiftPackageProductDependency;
			package = 5C3B5BF88E30F32A489F8427 /* XCRemoteSwiftPackageReference "containerization" */;
			productName = ContainerizationExtras;
		};
		E31E37C1FC7D132EE584B7DA /* SystemPackage */ = {
			isa = XCSwiftPackageProductDependency;
			package = 6B799584C23D3EA782C23C7E /* XCRemoteSwiftPackageReference "swift-system" */;
			productName = SystemPackage;
		};
		EF7F28482C21CAD5DD612873 /* ContainerizationOS */ = {
			isa = XCSwiftPackageProductDependency;
			package = 5C3B5BF88E30F32A489F8427 /* XCRemoteSwiftPackageReference "containerization" */;
			productName = ContainerizationOS;
		};
		F4D556CC3FAA227FB9391CEA /* ContainerPersistence */ = {
			isa = XCSwiftPackageProductDependency;
			package = DF4B0E8A91059632E99B0AC0 /* XCRemoteSwiftPackageReference "container" */;
			productName = ContainerPersistence;
		};
		F846A45DDAF8A293AAFE7EB5 /* MachineAPIClient */ = {
			isa = XCSwiftPackageProductDependency;
			package = DF4B0E8A91059632E99B0AC0 /* XCRemoteSwiftPackageReference "container" */;
			productName = MachineAPIClient;
		};
		FEDBA359A3DD0CDF024FA4CD /* ContainerAPIClient */ = {
			isa = XCSwiftPackageProductDependency;
			package = DF4B0E8A91059632E99B0AC0 /* XCRemoteSwiftPackageReference "container" */;
			productName = ContainerAPIClient;
		};
/* End XCSwiftPackageProductDependency section */
	};
	rootObject = 984DE5BC047ADBC48A35FEDD /* Project object */;
}
